
Microsoft Visual Studio Solution File, Format Version 12.00
# Visual Studio Version 17
VisualStudioVersion = 17.13.35828.75
MinimumVisualStudioVersion = 10.0.40219.1
Project("{FAE04EC0-301F-11D3-BF4B-00C04F79EFBC}") = "Fantasy.Backend", "Fantasy.Bakend\Fantasy.Backend.csproj", "{A32EB2F4-6726-4D4B-A1E1-FD9FEF89BD2D}"
EndProject
Project("{FAE04EC0-301F-11D3-BF4B-00C04F79EFBC}") = "Fantasy.Frontend", "Fantasy.Frontend\Fantasy.Frontend.csproj", "{16F64235-131C-4D76-BD2A-33E337D73512}"
EndProject
Project("{FAE04EC0-301F-11D3-BF4B-00C04F79EFBC}") = "Fantasy.Shared", "Fantasy.Shared\Fantasy.Shared.csproj", "{555DBB38-9DD3-4C39-BF38-10F662D2D15D}"
EndProject
Project("{FAE04EC0-301F-11D3-BF4B-00C04F79EFBC}") = "Fantasy.Test", "Fantasy.Test\Fantasy.Test.csproj", "{DBAA4289-9CFD-4959-B420-3F272388C72B}"
EndProject
Global
	GlobalSection(SolutionConfigurationPlatforms) = preSolution
		Debug|Any CPU = Debug|Any CPU
		Release|Any CPU = Release|Any CPU
	EndGlobalSection
	GlobalSection(ProjectConfigurationPlatforms) = postSolution
		{A32EB2F4-6726-4D4B-A1E1-FD9FEF89BD2D}.Debug|Any CPU.ActiveCfg = Debug|Any CPU
		{A32EB2F4-6726-4D4B-A1E1-FD9FEF89BD2D}.Debug|Any CPU.Build.0 = Debug|Any CPU
		{A32EB2F4-6726-4D4B-A1E1-FD9FEF89BD2D}.Release|Any CPU.ActiveCfg = Release|Any CPU
		{A32EB2F4-6726-4D4B-A1E1-FD9FEF89BD2D}.Release|Any CPU.Build.0 = Release|Any CPU
		{16F64235-131C-4D76-BD2A-33E337D73512}.Debug|Any CPU.ActiveCfg = Debug|Any CPU
		{16F64235-131C-4D76-BD2A-33E337D73512}.Debug|Any CPU.Build.0 = Debug|Any CPU
		{16F64235-131C-4D76-BD2A-33E337D73512}.Release|Any CPU.ActiveCfg = Release|Any CPU
		{16F64235-131C-4D76-BD2A-33E337D73512}.Release|Any CPU.Build.0 = Release|Any CPU
		{555DBB38-9DD3-4C39-BF38-10F662D2D15D}.Debug|Any CPU.ActiveCfg = Debug|Any CPU
		{555DBB38-9DD3-4C39-BF38-10F662D2D15D}.Debug|Any CPU.Build.0 = Debug|Any CPU
		{555DBB38-9DD3-4C39-BF38-10F662D2D15D}.Release|Any CPU.ActiveCfg = Release|Any CPU
		{555DBB38-9DD3-4C39-BF38-10F662D2D15D}.Release|Any CPU.Build.0 = Release|Any CPU
		{DBAA4289-9CFD-4959-B420-3F272388C72B}.Debug|Any CPU.ActiveCfg = Debug|Any CPU
		{DBAA4289-9CFD-4959-B420-3F272388C72B}.Debug|Any CPU.Build.0 = Debug|Any CPU
		{DBAA4289-9CFD-4959-B420-3F272388C72B}.Release|Any CPU.ActiveCfg = Release|Any CPU
		{DBAA4289-9CFD-4959-B420-3F272388C72B}.Release|Any CPU.Build.0 = Release|Any CPU
	EndGlobalSection
	GlobalSection(SolutionProperties) = preSolution
		HideSolutionNode = FALSE
	EndGlobalSection
	GlobalSection(ExtensibilityGlobals) = postSolution
		SolutionGuid = {B09EE7AF-0583-4C1A-8D60-A35935232217}
	EndGlobalSection
EndGlobal
